// !$*UTF8*$!
{
	archiveVersion = 1;
	classes = {
	};
	objectVersion = 56;
	objects = {

/* Begin PBXBuildFile section */
		04D500B9633FA83A4D5CA925 /* Pods_Fresh_Wave.framework in Frameworks */ = {isa = PBXBuildFile; fileRef = 9BA2346F54BDCD4FFA42E39D /* Pods_Fresh_Wave.framework */; };
		6C1F1DAB2BA7466E0078B198 /* CompleteProfileVC.swift in Sources */ = {isa = PBXBuildFile; fileRef = 6C1F1DA92BA7466E0078B198 /* CompleteProfileVC.swift */; };
		6C1F1DAC2BA7466E0078B198 /* CompleteProfileVC.xib in Resources */ = {isa = PBXBuildFile; fileRef = 6C1F1DAA2BA7466E0078B198 /* CompleteProfileVC.xib */; };
		6C1F1DAE2BA746FC0078B198 /* String+Extension.swift in Sources */ = {isa = PBXBuildFile; fileRef = 6C1F1DAD2BA746FC0078B198 /* String+Extension.swift */; };
		6C1F1DB02BA7471A0078B198 /* UIColor+Extension.swift in Sources */ = {isa = PBXBuildFile; fileRef = 6C1F1DAF2BA7471A0078B198 /* UIColor+Extension.swift */; };
		6C1F1DBC2BAC31DA0078B198 /* CompleteProfileViewModel.swift in Sources */ = {isa = PBXBuildFile; fileRef = 6C1F1DBB2BAC31DA0078B198 /* CompleteProfileViewModel.swift */; };
		6C1F1DBE2BAC7A610078B198 /* SuccessResponse.swift in Sources */ = {isa = PBXBuildFile; fileRef = 6C1F1DBD2BAC7A610078B198 /* SuccessResponse.swift */; };
		6C1F1DC02BAC7A920078B198 /* AuthModel.swift in Sources */ = {isa = PBXBuildFile; fileRef = 6C1F1DBF2BAC7A920078B198 /* AuthModel.swift */; };
		6C1F1DC22BAC7B630078B198 /* BaseModel.swift in Sources */ = {isa = PBXBuildFile; fileRef = 6C1F1DC12BAC7B630078B198 /* BaseModel.swift */; };
		6C1F1DC52BAC8EF40078B198 /* LoginViewModel.swift in Sources */ = {isa = PBXBuildFile; fileRef = 6C1F1DC42BAC8EF40078B198 /* LoginViewModel.swift */; };
		6C1F1DC72BAD344F0078B198 /* GoogleService-Info.plist in Resources */ = {isa = PBXBuildFile; fileRef = 6C1F1DC62BAD344F0078B198 /* GoogleService-Info.plist */; };
		6C1F1DCA2BAD372B0078B198 /* VerifyViewModel.swift in Sources */ = {isa = PBXBuildFile; fileRef = 6C1F1DC92BAD372B0078B198 /* VerifyViewModel.swift */; };
		6C1F1DCC2BAD9FBA0078B198 /* ArticleModel.swift in Sources */ = {isa = PBXBuildFile; fileRef = 6C1F1DCB2BAD9FBA0078B198 /* ArticleModel.swift */; };
		6C1F1DCE2BADA0920078B198 /* ArticleVO.swift in Sources */ = {isa = PBXBuildFile; fileRef = 6C1F1DCD2BADA0920078B198 /* ArticleVO.swift */; };
		6C1F1DD02BAFD3C90078B198 /* UIImageView+Extension.swift in Sources */ = {isa = PBXBuildFile; fileRef = 6C1F1DCF2BAFD3C90078B198 /* UIImageView+Extension.swift */; };
		6C1F1DD32BB06E540078B198 /* CartVC.swift in Sources */ = {isa = PBXBuildFile; fileRef = 6C1F1DD12BB06E540078B198 /* CartVC.swift */; };
		6C1F1DD42BB06E540078B198 /* CartVC.xib in Resources */ = {isa = PBXBuildFile; fileRef = 6C1F1DD22BB06E540078B198 /* CartVC.xib */; };
		6C1F1DD92BB12C320078B198 /* OrderDetailVC.swift in Sources */ = {isa = PBXBuildFile; fileRef = 6C1F1DD72BB12C320078B198 /* OrderDetailVC.swift */; };
		6C1F1DDA2BB12C320078B198 /* OrderDetailVC.xib in Resources */ = {isa = PBXBuildFile; fileRef = 6C1F1DD82BB12C320078B198 /* OrderDetailVC.xib */; };
		6C49D3742B9C18DF0077476D /* RemainderVC.swift in Sources */ = {isa = PBXBuildFile; fileRef = 6C49D3722B9C18DF0077476D /* RemainderVC.swift */; };
		6C49D3752B9C18DF0077476D /* RemainderVC.xib in Resources */ = {isa = PBXBuildFile; fileRef = 6C49D3732B9C18DF0077476D /* RemainderVC.xib */; };
		6C49D3AC2BA2F7590077476D /* KeychainService.swift in Sources */ = {isa = PBXBuildFile; fileRef = 6C49D3AB2BA2F7590077476D /* KeychainService.swift */; };
		6C49D3AE2BA2F7640077476D /* Preference.swift in Sources */ = {isa = PBXBuildFile; fileRef = 6C49D3AD2BA2F7640077476D /* Preference.swift */; };
		6C49D3B02BA2F76F0077476D /* AppCoordinator.swift in Sources */ = {isa = PBXBuildFile; fileRef = 6C49D3AF2BA2F76F0077476D /* AppCoordinator.swift */; };
		6C49D3B42BA2F7A60077476D /* LoadingIndicator.swift in Sources */ = {isa = PBXBuildFile; fileRef = 6C49D3B32BA2F7A60077476D /* LoadingIndicator.swift */; };
		6C49D3B72BA2F7C40077476D /* ToastView.swift in Sources */ = {isa = PBXBuildFile; fileRef = 6C49D3B62BA2F7C40077476D /* ToastView.swift */; };
		6C49D3B92BA2F7F20077476D /* UIApplication+Extension.swift in Sources */ = {isa = PBXBuildFile; fileRef = 6C49D3B82BA2F7F20077476D /* UIApplication+Extension.swift */; };
		6C49D3BB2BA2F81C0077476D /* UIWindow+Extension.swift in Sources */ = {isa = PBXBuildFile; fileRef = 6C49D3BA2BA2F81C0077476D /* UIWindow+Extension.swift */; };
		6C49D3BD2BA2F83D0077476D /* UIViewController+Extension.swift in Sources */ = {isa = PBXBuildFile; fileRef = 6C49D3BC2BA2F83D0077476D /* UIViewController+Extension.swift */; };
		6C49D3C22BA2F8CD0077476D /* LaunchVC.swift in Sources */ = {isa = PBXBuildFile; fileRef = 6C49D3C02BA2F8CD0077476D /* LaunchVC.swift */; };
		6C49D3C32BA2F8CD0077476D /* LaunchVC.xib in Resources */ = {isa = PBXBuildFile; fileRef = 6C49D3C12BA2F8CD0077476D /* LaunchVC.xib */; };
		6C49D3C72BA2F9770077476D /* UserVO.swift in Sources */ = {isa = PBXBuildFile; fileRef = 6C49D3C62BA2F9770077476D /* UserVO.swift */; };
		6C5AA66B2B7E17860088C3B8 /* AppDelegate.swift in Sources */ = {isa = PBXBuildFile; fileRef = 6C5AA66A2B7E17860088C3B8 /* AppDelegate.swift */; };
		6C5AA66D2B7E17860088C3B8 /* SceneDelegate.swift in Sources */ = {isa = PBXBuildFile; fileRef = 6C5AA66C2B7E17860088C3B8 /* SceneDelegate.swift */; };
		6C5AA66F2B7E17860088C3B8 /* ViewController.swift in Sources */ = {isa = PBXBuildFile; fileRef = 6C5AA66E2B7E17860088C3B8 /* ViewController.swift */; };
		6C5AA6722B7E17860088C3B8 /* Main.storyboard in Resources */ = {isa = PBXBuildFile; fileRef = 6C5AA6702B7E17860088C3B8 /* Main.storyboard */; };
		6C5AA6742B7E17870088C3B8 /* Assets.xcassets in Resources */ = {isa = PBXBuildFile; fileRef = 6C5AA6732B7E17870088C3B8 /* Assets.xcassets */; };
		6C5AA6772B7E17870088C3B8 /* LaunchScreen.storyboard in Resources */ = {isa = PBXBuildFile; fileRef = 6C5AA6752B7E17870088C3B8 /* LaunchScreen.storyboard */; };
		6CBB87BD2B8106A600CC175A /* ChooseAddressOnMapVC.swift in Sources */ = {isa = PBXBuildFile; fileRef = 6CBB87BB2B8106A600CC175A /* ChooseAddressOnMapVC.swift */; };
		6CBB87BE2B8106A600CC175A /* ChooseAddressOnMapVC.xib in Resources */ = {isa = PBXBuildFile; fileRef = 6CBB87BC2B8106A600CC175A /* ChooseAddressOnMapVC.xib */; };
		6CBB87C22B810EFB00CC175A /* API.swift in Sources */ = {isa = PBXBuildFile; fileRef = 6CBB87C12B810EFB00CC175A /* API.swift */; };
		6CBB87C42B810F7700CC175A /* ApiError.swift in Sources */ = {isa = PBXBuildFile; fileRef = 6CBB87C32B810F7700CC175A /* ApiError.swift */; };
		6CBB87C62B810F9F00CC175A /* ApiService.swift in Sources */ = {isa = PBXBuildFile; fileRef = 6CBB87C52B810F9F00CC175A /* ApiService.swift */; };
		6CBB87C82B810FDE00CC175A /* EndPoint.swift in Sources */ = {isa = PBXBuildFile; fileRef = 6CBB87C72B810FDE00CC175A /* EndPoint.swift */; };
		6CBB87CA2B81102100CC175A /* EndpointAttribute.swift in Sources */ = {isa = PBXBuildFile; fileRef = 6CBB87C92B81102100CC175A /* EndpointAttribute.swift */; };
		6CBB87CE2B81A63F00CC175A /* ErrorResponse.swift in Sources */ = {isa = PBXBuildFile; fileRef = 6CBB87CD2B81A63F00CC175A /* ErrorResponse.swift */; };
		6CBB87D32B81A82200CC175A /* RegisterVC.swift in Sources */ = {isa = PBXBuildFile; fileRef = 6CBB87D12B81A82200CC175A /* RegisterVC.swift */; };
		6CBB87D42B81A82200CC175A /* RegisterVC.xib in Resources */ = {isa = PBXBuildFile; fileRef = 6CBB87D22B81A82200CC175A /* RegisterVC.xib */; };
		6CBB87D92B81AF5000CC175A /* LoginVC.swift in Sources */ = {isa = PBXBuildFile; fileRef = 6CBB87D72B81AF5000CC175A /* LoginVC.swift */; };
		6CBB87DA2B81AF5000CC175A /* LoginVC.xib in Resources */ = {isa = PBXBuildFile; fileRef = 6CBB87D82B81AF5000CC175A /* LoginVC.xib */; };
		6CBB87DC2B81B90300CC175A /* icon.xcassets in Resources */ = {isa = PBXBuildFile; fileRef = 6CBB87DB2B81B90300CC175A /* icon.xcassets */; };
		6CBB87DE2B81B95F00CC175A /* color.xcassets in Resources */ = {isa = PBXBuildFile; fileRef = 6CBB87DD2B81B95F00CC175A /* color.xcassets */; };
		6CBB87E32B822C9300CC175A /* VerifyVC.swift in Sources */ = {isa = PBXBuildFile; fileRef = 6CBB87E12B822C9300CC175A /* VerifyVC.swift */; };
		6CBB87E42B822C9300CC175A /* VerifyVC.xib in Resources */ = {isa = PBXBuildFile; fileRef = 6CBB87E22B822C9300CC175A /* VerifyVC.xib */; };
		6CBB87E72B823D9F00CC175A /* BaseViewController.swift in Sources */ = {isa = PBXBuildFile; fileRef = 6CBB87E62B823D9F00CC175A /* BaseViewController.swift */; };
		6CBB87EF2B82546B00CC175A /* HomeVC.swift in Sources */ = {isa = PBXBuildFile; fileRef = 6CBB87ED2B82546B00CC175A /* HomeVC.swift */; };
		6CBB87F02B82546B00CC175A /* HomeVC.xib in Resources */ = {isa = PBXBuildFile; fileRef = 6CBB87EE2B82546B00CC175A /* HomeVC.xib */; };
		6CBB87F52B8254AC00CC175A /* ProfileVC.swift in Sources */ = {isa = PBXBuildFile; fileRef = 6CBB87F32B8254AC00CC175A /* ProfileVC.swift */; };
		6CBB87F62B8254AC00CC175A /* ProfileVC.xib in Resources */ = {isa = PBXBuildFile; fileRef = 6CBB87F42B8254AC00CC175A /* ProfileVC.xib */; };
		6CBB87F82B82554500CC175A /* TabVC.swift in Sources */ = {isa = PBXBuildFile; fileRef = 6CBB87F72B82554500CC175A /* TabVC.swift */; };
		6CBB87FC2B833AED00CC175A /* UICollectionView+Extension.swift in Sources */ = {isa = PBXBuildFile; fileRef = 6CBB87FB2B833AED00CC175A /* UICollectionView+Extension.swift */; };
		6CBB87FE2B833B1D00CC175A /* UITableView+Extension.swift in Sources */ = {isa = PBXBuildFile; fileRef = 6CBB87FD2B833B1D00CC175A /* UITableView+Extension.swift */; };
		6CBB88002B83458900CC175A /* UserDefaults+Extension.swift in Sources */ = {isa = PBXBuildFile; fileRef = 6CBB87FF2B83458900CC175A /* UserDefaults+Extension.swift */; };
		6CBB88022B83477E00CC175A /* BaseViewModel.swift in Sources */ = {isa = PBXBuildFile; fileRef = 6CBB88012B83477E00CC175A /* BaseViewModel.swift */; };
		6CBB88042B834BD900CC175A /* CustomTabBar.swift in Sources */ = {isa = PBXBuildFile; fileRef = 6CBB88032B834BD900CC175A /* CustomTabBar.swift */; };
		6CBB88082B834F9C00CC175A /* UIView+Extension.swift in Sources */ = {isa = PBXBuildFile; fileRef = 6CBB88072B834F9C00CC175A /* UIView+Extension.swift */; };
		6CBB880B2B8350B600CC175A /* HomeViewModel.swift in Sources */ = {isa = PBXBuildFile; fileRef = 6CBB880A2B8350B600CC175A /* HomeViewModel.swift */; };
		6CBB88112B839D8B00CC175A /* ArticleCell.swift in Sources */ = {isa = PBXBuildFile; fileRef = 6CBB880F2B839D8B00CC175A /* ArticleCell.swift */; };
		6CBB88122B839D8B00CC175A /* ArticleCell.xib in Resources */ = {isa = PBXBuildFile; fileRef = 6CBB88102B839D8B00CC175A /* ArticleCell.xib */; };
		6CBB88192B83A6B500CC175A /* ArticleDetailVC.swift in Sources */ = {isa = PBXBuildFile; fileRef = 6CBB88172B83A6B500CC175A /* ArticleDetailVC.swift */; };
		6CBB881A2B83A6B500CC175A /* ArticleDetailVC.xib in Resources */ = {isa = PBXBuildFile; fileRef = 6CBB88182B83A6B500CC175A /* ArticleDetailVC.xib */; };
		6CBB88212B83AFB800CC175A /* OrderHistoryCell.swift in Sources */ = {isa = PBXBuildFile; fileRef = 6CBB881F2B83AFB800CC175A /* OrderHistoryCell.swift */; };
		6CBB88222B83AFB800CC175A /* OrderHistoryCell.xib in Resources */ = {isa = PBXBuildFile; fileRef = 6CBB88202B83AFB800CC175A /* OrderHistoryCell.xib */; };
		6CBB882C2B83B9FE00CC175A /* OrderHistoryVC.swift in Sources */ = {isa = PBXBuildFile; fileRef = 6CBB882A2B83B9FE00CC175A /* OrderHistoryVC.swift */; };
		6CBB882D2B83B9FE00CC175A /* OrderHistoryVC.xib in Resources */ = {isa = PBXBuildFile; fileRef = 6CBB882B2B83B9FE00CC175A /* OrderHistoryVC.xib */; };
		6CF345FF2BB27A93004339FC /* OrderHistoryViewModel.swift in Sources */ = {isa = PBXBuildFile; fileRef = 6CF345FE2BB27A93004339FC /* OrderHistoryViewModel.swift */; };
		6CF346012BB27AD1004339FC /* OrderModel.swift in Sources */ = {isa = PBXBuildFile; fileRef = 6CF346002BB27AD1004339FC /* OrderModel.swift */; };
		6CF346032BB27B37004339FC /* OrderHistoryVO.swift in Sources */ = {isa = PBXBuildFile; fileRef = 6CF346022BB27B37004339FC /* OrderHistoryVO.swift */; };
/* End PBXBuildFile section */

/* Begin PBXFileReference section */
		6C1F1DA92BA7466E0078B198 /* CompleteProfileVC.swift */ = {isa = PBXFileReference; lastKnownFileType = sourcecode.swift; path = CompleteProfileVC.swift; sourceTree = "<group>"; };
		6C1F1DAA2BA7466E0078B198 /* CompleteProfileVC.xib */ = {isa = PBXFileReference; lastKnownFileType = file.xib; path = CompleteProfileVC.xib; sourceTree = "<group>"; };
		6C1F1DAD2BA746FC0078B198 /* String+Extension.swift */ = {isa = PBXFileReference; lastKnownFileType = sourcecode.swift; path = "String+Extension.swift"; sourceTree = "<group>"; };
		6C1F1DAF2BA7471A0078B198 /* UIColor+Extension.swift */ = {isa = PBXFileReference; lastKnownFileType = sourcecode.swift; path = "UIColor+Extension.swift"; sourceTree = "<group>"; };
		6C1F1DBB2BAC31DA0078B198 /* CompleteProfileViewModel.swift */ = {isa = PBXFileReference; lastKnownFileType = sourcecode.swift; path = CompleteProfileViewModel.swift; sourceTree = "<group>"; };
		6C1F1DBD2BAC7A610078B198 /* SuccessResponse.swift */ = {isa = PBXFileReference; lastKnownFileType = sourcecode.swift; path = SuccessResponse.swift; sourceTree = "<group>"; };
		6C1F1DBF2BAC7A920078B198 /* AuthModel.swift */ = {isa = PBXFileReference; lastKnownFileType = sourcecode.swift; path = AuthModel.swift; sourceTree = "<group>"; };
		6C1F1DC12BAC7B630078B198 /* BaseModel.swift */ = {isa = PBXFileReference; lastKnownFileType = sourcecode.swift; path = BaseModel.swift; sourceTree = "<group>"; };
		6C1F1DC42BAC8EF40078B198 /* LoginViewModel.swift */ = {isa = PBXFileReference; lastKnownFileType = sourcecode.swift; path = LoginViewModel.swift; sourceTree = "<group>"; };
		6C1F1DC62BAD344F0078B198 /* GoogleService-Info.plist */ = {isa = PBXFileReference; fileEncoding = 4; lastKnownFileType = text.plist.xml; path = "GoogleService-Info.plist"; sourceTree = "<group>"; };
		6C1F1DC92BAD372B0078B198 /* VerifyViewModel.swift */ = {isa = PBXFileReference; lastKnownFileType = sourcecode.swift; path = VerifyViewModel.swift; sourceTree = "<group>"; };
		6C1F1DCB2BAD9FBA0078B198 /* ArticleModel.swift */ = {isa = PBXFileReference; lastKnownFileType = sourcecode.swift; path = ArticleModel.swift; sourceTree = "<group>"; };
		6C1F1DCD2BADA0920078B198 /* ArticleVO.swift */ = {isa = PBXFileReference; lastKnownFileType = sourcecode.swift; path = ArticleVO.swift; sourceTree = "<group>"; };
		6C1F1DCF2BAFD3C90078B198 /* UIImageView+Extension.swift */ = {isa = PBXFileReference; lastKnownFileType = sourcecode.swift; path = "UIImageView+Extension.swift"; sourceTree = "<group>"; };
		6C1F1DD12BB06E540078B198 /* CartVC.swift */ = {isa = PBXFileReference; lastKnownFileType = sourcecode.swift; path = CartVC.swift; sourceTree = "<group>"; };
		6C1F1DD22BB06E540078B198 /* CartVC.xib */ = {isa = PBXFileReference; lastKnownFileType = file.xib; path = CartVC.xib; sourceTree = "<group>"; };
		6C1F1DD72BB12C320078B198 /* OrderDetailVC.swift */ = {isa = PBXFileReference; lastKnownFileType = sourcecode.swift; path = OrderDetailVC.swift; sourceTree = "<group>"; };
		6C1F1DD82BB12C320078B198 /* OrderDetailVC.xib */ = {isa = PBXFileReference; lastKnownFileType = file.xib; path = OrderDetailVC.xib; sourceTree = "<group>"; };
		6C49D3722B9C18DF0077476D /* RemainderVC.swift */ = {isa = PBXFileReference; lastKnownFileType = sourcecode.swift; path = RemainderVC.swift; sourceTree = "<group>"; };
		6C49D3732B9C18DF0077476D /* RemainderVC.xib */ = {isa = PBXFileReference; lastKnownFileType = file.xib; path = RemainderVC.xib; sourceTree = "<group>"; };
		6C49D3AB2BA2F7590077476D /* KeychainService.swift */ = {isa = PBXFileReference; lastKnownFileType = sourcecode.swift; path = KeychainService.swift; sourceTree = "<group>"; };
		6C49D3AD2BA2F7640077476D /* Preference.swift */ = {isa = PBXFileReference; lastKnownFileType = sourcecode.swift; path = Preference.swift; sourceTree = "<group>"; };
		6C49D3AF2BA2F76F0077476D /* AppCoordinator.swift */ = {isa = PBXFileReference; lastKnownFileType = sourcecode.swift; path = AppCoordinator.swift; sourceTree = "<group>"; };
		6C49D3B32BA2F7A60077476D /* LoadingIndicator.swift */ = {isa = PBXFileReference; lastKnownFileType = sourcecode.swift; path = LoadingIndicator.swift; sourceTree = "<group>"; };
		6C49D3B62BA2F7C40077476D /* ToastView.swift */ = {isa = PBXFileReference; lastKnownFileType = sourcecode.swift; path = ToastView.swift; sourceTree = "<group>"; };
		6C49D3B82BA2F7F20077476D /* UIApplication+Extension.swift */ = {isa = PBXFileReference; lastKnownFileType = sourcecode.swift; path = "UIApplication+Extension.swift"; sourceTree = "<group>"; };
		6C49D3BA2BA2F81C0077476D /* UIWindow+Extension.swift */ = {isa = PBXFileReference; lastKnownFileType = sourcecode.swift; path = "UIWindow+Extension.swift"; sourceTree = "<group>"; };
		6C49D3BC2BA2F83D0077476D /* UIViewController+Extension.swift */ = {isa = PBXFileReference; lastKnownFileType = sourcecode.swift; path = "UIViewController+Extension.swift"; sourceTree = "<group>"; };
		6C49D3C02BA2F8CD0077476D /* LaunchVC.swift */ = {isa = PBXFileReference; lastKnownFileType = sourcecode.swift; path = LaunchVC.swift; sourceTree = "<group>"; };
		6C49D3C12BA2F8CD0077476D /* LaunchVC.xib */ = {isa = PBXFileReference; lastKnownFileType = file.xib; path = LaunchVC.xib; sourceTree = "<group>"; };
		6C49D3C62BA2F9770077476D /* UserVO.swift */ = {isa = PBXFileReference; lastKnownFileType = sourcecode.swift; path = UserVO.swift; sourceTree = "<group>"; };
		6C5AA6672B7E17860088C3B8 /* Fresh Wave.app */ = {isa = PBXFileReference; explicitFileType = wrapper.application; includeInIndex = 0; path = "Fresh Wave.app"; sourceTree = BUILT_PRODUCTS_DIR; };
		6C5AA66A2B7E17860088C3B8 /* AppDelegate.swift */ = {isa = PBXFileReference; lastKnownFileType = sourcecode.swift; path = AppDelegate.swift; sourceTree = "<group>"; };
		6C5AA66C2B7E17860088C3B8 /* SceneDelegate.swift */ = {isa = PBXFileReference; lastKnownFileType = sourcecode.swift; path = SceneDelegate.swift; sourceTree = "<group>"; };
		6C5AA66E2B7E17860088C3B8 /* ViewController.swift */ = {isa = PBXFileReference; lastKnownFileType = sourcecode.swift; path = ViewController.swift; sourceTree = "<group>"; };
		6C5AA6712B7E17860088C3B8 /* Base */ = {isa = PBXFileReference; lastKnownFileType = file.storyboard; name = Base; path = Base.lproj/Main.storyboard; sourceTree = "<group>"; };
		6C5AA6732B7E17870088C3B8 /* Assets.xcassets */ = {isa = PBXFileReference; lastKnownFileType = folder.assetcatalog; path = Assets.xcassets; sourceTree = "<group>"; };
		6C5AA6762B7E17870088C3B8 /* Base */ = {isa = PBXFileReference; lastKnownFileType = file.storyboard; name = Base; path = Base.lproj/LaunchScreen.storyboard; sourceTree = "<group>"; };
		6C5AA6782B7E17870088C3B8 /* Info.plist */ = {isa = PBXFileReference; lastKnownFileType = text.plist.xml; path = Info.plist; sourceTree = "<group>"; };
		6CBB87BB2B8106A600CC175A /* ChooseAddressOnMapVC.swift */ = {isa = PBXFileReference; lastKnownFileType = sourcecode.swift; path = ChooseAddressOnMapVC.swift; sourceTree = "<group>"; };
		6CBB87BC2B8106A600CC175A /* ChooseAddressOnMapVC.xib */ = {isa = PBXFileReference; lastKnownFileType = file.xib; path = ChooseAddressOnMapVC.xib; sourceTree = "<group>"; };
		6CBB87C12B810EFB00CC175A /* API.swift */ = {isa = PBXFileReference; lastKnownFileType = sourcecode.swift; path = API.swift; sourceTree = "<group>"; };
		6CBB87C32B810F7700CC175A /* ApiError.swift */ = {isa = PBXFileReference; lastKnownFileType = sourcecode.swift; path = ApiError.swift; sourceTree = "<group>"; };
		6CBB87C52B810F9F00CC175A /* ApiService.swift */ = {isa = PBXFileReference; lastKnownFileType = sourcecode.swift; path = ApiService.swift; sourceTree = "<group>"; };
		6CBB87C72B810FDE00CC175A /* EndPoint.swift */ = {isa = PBXFileReference; lastKnownFileType = sourcecode.swift; path = EndPoint.swift; sourceTree = "<group>"; };
		6CBB87C92B81102100CC175A /* EndpointAttribute.swift */ = {isa = PBXFileReference; lastKnownFileType = sourcecode.swift; path = EndpointAttribute.swift; sourceTree = "<group>"; };
		6CBB87CD2B81A63F00CC175A /* ErrorResponse.swift */ = {isa = PBXFileReference; lastKnownFileType = sourcecode.swift; path = ErrorResponse.swift; sourceTree = "<group>"; };
		6CBB87D12B81A82200CC175A /* RegisterVC.swift */ = {isa = PBXFileReference; lastKnownFileType = sourcecode.swift; path = RegisterVC.swift; sourceTree = "<group>"; };
		6CBB87D22B81A82200CC175A /* RegisterVC.xib */ = {isa = PBXFileReference; lastKnownFileType = file.xib; path = RegisterVC.xib; sourceTree = "<group>"; };
		6CBB87D72B81AF5000CC175A /* LoginVC.swift */ = {isa = PBXFileReference; lastKnownFileType = sourcecode.swift; path = LoginVC.swift; sourceTree = "<group>"; };
		6CBB87D82B81AF5000CC175A /* LoginVC.xib */ = {isa = PBXFileReference; lastKnownFileType = file.xib; path = LoginVC.xib; sourceTree = "<group>"; };
		6CBB87DB2B81B90300CC175A /* icon.xcassets */ = {isa = PBXFileReference; lastKnownFileType = folder.assetcatalog; path = icon.xcassets; sourceTree = "<group>"; };
		6CBB87DD2B81B95F00CC175A /* color.xcassets */ = {isa = PBXFileReference; lastKnownFileType = folder.assetcatalog; path = color.xcassets; sourceTree = "<group>"; };
		6CBB87E12B822C9300CC175A /* VerifyVC.swift */ = {isa = PBXFileReference; lastKnownFileType = sourcecode.swift; path = VerifyVC.swift; sourceTree = "<group>"; };
		6CBB87E22B822C9300CC175A /* VerifyVC.xib */ = {isa = PBXFileReference; lastKnownFileType = file.xib; path = VerifyVC.xib; sourceTree = "<group>"; };
		6CBB87E62B823D9F00CC175A /* BaseViewController.swift */ = {isa = PBXFileReference; lastKnownFileType = sourcecode.swift; path = BaseViewController.swift; sourceTree = "<group>"; };
		6CBB87ED2B82546B00CC175A /* HomeVC.swift */ = {isa = PBXFileReference; lastKnownFileType = sourcecode.swift; path = HomeVC.swift; sourceTree = "<group>"; };
		6CBB87EE2B82546B00CC175A /* HomeVC.xib */ = {isa = PBXFileReference; lastKnownFileType = file.xib; path = HomeVC.xib; sourceTree = "<group>"; };
		6CBB87F32B8254AC00CC175A /* ProfileVC.swift */ = {isa = PBXFileReference; lastKnownFileType = sourcecode.swift; path = ProfileVC.swift; sourceTree = "<group>"; };
		6CBB87F42B8254AC00CC175A /* ProfileVC.xib */ = {isa = PBXFileReference; lastKnownFileType = file.xib; path = ProfileVC.xib; sourceTree = "<group>"; };
		6CBB87F72B82554500CC175A /* TabVC.swift */ = {isa = PBXFileReference; lastKnownFileType = sourcecode.swift; path = TabVC.swift; sourceTree = "<group>"; };
		6CBB87FB2B833AED00CC175A /* UICollectionView+Extension.swift */ = {isa = PBXFileReference; lastKnownFileType = sourcecode.swift; path = "UICollectionView+Extension.swift"; sourceTree = "<group>"; };
		6CBB87FD2B833B1D00CC175A /* UITableView+Extension.swift */ = {isa = PBXFileReference; lastKnownFileType = sourcecode.swift; path = "UITableView+Extension.swift"; sourceTree = "<group>"; };
		6CBB87FF2B83458900CC175A /* UserDefaults+Extension.swift */ = {isa = PBXFileReference; lastKnownFileType = sourcecode.swift; path = "UserDefaults+Extension.swift"; sourceTree = "<group>"; };
		6CBB88012B83477E00CC175A /* BaseViewModel.swift */ = {isa = PBXFileReference; lastKnownFileType = sourcecode.swift; path = BaseViewModel.swift; sourceTree = "<group>"; };
		6CBB88032B834BD900CC175A /* CustomTabBar.swift */ = {isa = PBXFileReference; lastKnownFileType = sourcecode.swift; path = CustomTabBar.swift; sourceTree = "<group>"; };
		6CBB88072B834F9C00CC175A /* UIView+Extension.swift */ = {isa = PBXFileReference; lastKnownFileType = sourcecode.swift; path = "UIView+Extension.swift"; sourceTree = "<group>"; };
		6CBB880A2B8350B600CC175A /* HomeViewModel.swift */ = {isa = PBXFileReference; lastKnownFileType = sourcecode.swift; path = HomeViewModel.swift; sourceTree = "<group>"; };
		6CBB880F2B839D8B00CC175A /* ArticleCell.swift */ = {isa = PBXFileReference; lastKnownFileType = sourcecode.swift; path = ArticleCell.swift; sourceTree = "<group>"; };
		6CBB88102B839D8B00CC175A /* ArticleCell.xib */ = {isa = PBXFileReference; lastKnownFileType = file.xib; path = ArticleCell.xib; sourceTree = "<group>"; };
		6CBB88172B83A6B500CC175A /* ArticleDetailVC.swift */ = {isa = PBXFileReference; lastKnownFileType = sourcecode.swift; path = ArticleDetailVC.swift; sourceTree = "<group>"; };
		6CBB88182B83A6B500CC175A /* ArticleDetailVC.xib */ = {isa = PBXFileReference; lastKnownFileType = file.xib; path = ArticleDetailVC.xib; sourceTree = "<group>"; };
		6CBB881F2B83AFB800CC175A /* OrderHistoryCell.swift */ = {isa = PBXFileReference; lastKnownFileType = sourcecode.swift; path = OrderHistoryCell.swift; sourceTree = "<group>"; };
		6CBB88202B83AFB800CC175A /* OrderHistoryCell.xib */ = {isa = PBXFileReference; lastKnownFileType = file.xib; path = OrderHistoryCell.xib; sourceTree = "<group>"; };
		6CBB882A2B83B9FE00CC175A /* OrderHistoryVC.swift */ = {isa = PBXFileReference; lastKnownFileType = sourcecode.swift; path = OrderHistoryVC.swift; sourceTree = "<group>"; };
		6CBB882B2B83B9FE00CC175A /* OrderHistoryVC.xib */ = {isa = PBXFileReference; lastKnownFileType = file.xib; path = OrderHistoryVC.xib; sourceTree = "<group>"; };
		6CF345FE2BB27A93004339FC /* OrderHistoryViewModel.swift */ = {isa = PBXFileReference; lastKnownFileType = sourcecode.swift; path = OrderHistoryViewModel.swift; sourceTree = "<group>"; };
		6CF346002BB27AD1004339FC /* OrderModel.swift */ = {isa = PBXFileReference; lastKnownFileType = sourcecode.swift; path = OrderModel.swift; sourceTree = "<group>"; };
		6CF346022BB27B37004339FC /* OrderHistoryVO.swift */ = {isa = PBXFileReference; lastKnownFileType = sourcecode.swift; path = OrderHistoryVO.swift; sourceTree = "<group>"; };
		9A2F145B062B4BC9BD5C229A /* Pods-Fresh Wave.debug.xcconfig */ = {isa = PBXFileReference; includeInIndex = 1; lastKnownFileType = text.xcconfig; name = "Pods-Fresh Wave.debug.xcconfig"; path = "Target Support Files/Pods-Fresh Wave/Pods-Fresh Wave.debug.xcconfig"; sourceTree = "<group>"; };
		9BA2346F54BDCD4FFA42E39D /* Pods_Fresh_Wave.framework */ = {isa = PBXFileReference; explicitFileType = wrapper.framework; includeInIndex = 0; path = Pods_Fresh_Wave.framework; sourceTree = BUILT_PRODUCTS_DIR; };
		DB3B2865A1C981929834A250 /* Pods-Fresh Wave.release.xcconfig */ = {isa = PBXFileReference; includeInIndex = 1; lastKnownFileType = text.xcconfig; name = "Pods-Fresh Wave.release.xcconfig"; path = "Target Support Files/Pods-Fresh Wave/Pods-Fresh Wave.release.xcconfig"; sourceTree = "<group>"; };
/* End PBXFileReference section */

/* Begin PBXFrameworksBuildPhase section */
		6C5AA6642B7E17860088C3B8 /* Frameworks */ = {
			isa = PBXFrameworksBuildPhase;
			buildActionMask = 2147483647;
			files = (
				04D500B9633FA83A4D5CA925 /* Pods_Fresh_Wave.framework in Frameworks */,
			);
			runOnlyForDeploymentPostprocessing = 0;
		};
/* End PBXFrameworksBuildPhase section */

/* Begin PBXGroup section */
		3A2C26487AB7FD02CD3AB540 /* Frameworks */ = {
			isa = PBXGroup;
			children = (
				9BA2346F54BDCD4FFA42E39D /* Pods_Fresh_Wave.framework */,
			);
			name = Frameworks;
			sourceTree = "<group>";
		};
		6C1F1DA12BA73C610078B198 /* Cart */ = {
			isa = PBXGroup;
			children = (
				6C1F1DA22BA73C6C0078B198 /* View */,
			);
			path = Cart;
			sourceTree = "<group>";
		};
		6C1F1DA22BA73C6C0078B198 /* View */ = {
			isa = PBXGroup;
			children = (
				6C1F1DD12BB06E540078B198 /* CartVC.swift */,
				6C1F1DD22BB06E540078B198 /* CartVC.xib */,
			);
			path = View;
			sourceTree = "<group>";
		};
		6C1F1DA72BA746520078B198 /* CompleteProfile */ = {
			isa = PBXGroup;
			children = (
				6C1F1DBA2BAC31CB0078B198 /* ViewModel */,
				6C1F1DA82BA7465A0078B198 /* View */,
			);
			path = CompleteProfile;
			sourceTree = "<group>";
		};
		6C1F1DA82BA7465A0078B198 /* View */ = {
			isa = PBXGroup;
			children = (
				6C1F1DA92BA7466E0078B198 /* CompleteProfileVC.swift */,
				6C1F1DAA2BA7466E0078B198 /* CompleteProfileVC.xib */,
			);
			path = View;
			sourceTree = "<group>";
		};
		6C1F1DBA2BAC31CB0078B198 /* ViewModel */ = {
			isa = PBXGroup;
			children = (
				6C1F1DBB2BAC31DA0078B198 /* CompleteProfileViewModel.swift */,
			);
			path = ViewModel;
			sourceTree = "<group>";
		};
		6C1F1DC32BAC8EE90078B198 /* ViewModel */ = {
			isa = PBXGroup;
			children = (
				6C1F1DC42BAC8EF40078B198 /* LoginViewModel.swift */,
			);
			path = ViewModel;
			sourceTree = "<group>";
		};
		6C1F1DC82BAD371D0078B198 /* ViewModel */ = {
			isa = PBXGroup;
			children = (
				6C1F1DC92BAD372B0078B198 /* VerifyViewModel.swift */,
			);
			path = ViewModel;
			sourceTree = "<group>";
		};
		6C1F1DD52BB12C0E0078B198 /* OrderDetail */ = {
			isa = PBXGroup;
			children = (
				6C1F1DD62BB12C250078B198 /* View */,
			);
			path = OrderDetail;
			sourceTree = "<group>";
		};
		6C1F1DD62BB12C250078B198 /* View */ = {
			isa = PBXGroup;
			children = (
				6C1F1DD72BB12C320078B198 /* OrderDetailVC.swift */,
				6C1F1DD82BB12C320078B198 /* OrderDetailVC.xib */,
			);
			path = View;
			sourceTree = "<group>";
		};
		6C49D3702B9C18B90077476D /* Remainder */ = {
			isa = PBXGroup;
			children = (
				6C49D3712B9C18CB0077476D /* View */,
			);
			path = Remainder;
			sourceTree = "<group>";
		};
		6C49D3712B9C18CB0077476D /* View */ = {
			isa = PBXGroup;
			children = (
				6C49D3722B9C18DF0077476D /* RemainderVC.swift */,
				6C49D3732B9C18DF0077476D /* RemainderVC.xib */,
			);
			path = View;
			sourceTree = "<group>";
		};
		6C49D3AA2BA2F7460077476D /* Managers */ = {
			isa = PBXGroup;
			children = (
				6C49D3AB2BA2F7590077476D /* KeychainService.swift */,
				6C49D3AD2BA2F7640077476D /* Preference.swift */,
				6C49D3AF2BA2F76F0077476D /* AppCoordinator.swift */,
			);
			path = Managers;
			sourceTree = "<group>";
		};
		6C49D3B12BA2F78A0077476D /* Components */ = {
			isa = PBXGroup;
			children = (
				6C49D3B52BA2F7B90077476D /* Toast */,
				6C49D3B22BA2F7900077476D /* Loading */,
			);
			path = Components;
			sourceTree = "<group>";
		};
		6C49D3B22BA2F7900077476D /* Loading */ = {
			isa = PBXGroup;
			children = (
				6C49D3B32BA2F7A60077476D /* LoadingIndicator.swift */,
			);
			path = Loading;
			sourceTree = "<group>";
		};
		6C49D3B52BA2F7B90077476D /* Toast */ = {
			isa = PBXGroup;
			children = (
				6C49D3B62BA2F7C40077476D /* ToastView.swift */,
			);
			path = Toast;
			sourceTree = "<group>";
		};
		6C49D3BE2BA2F8BC0077476D /* Launch */ = {
			isa = PBXGroup;
			children = (
				6C49D3BF2BA2F8C10077476D /* View */,
			);
			path = Launch;
			sourceTree = "<group>";
		};
		6C49D3BF2BA2F8C10077476D /* View */ = {
			isa = PBXGroup;
			children = (
				6C49D3C02BA2F8CD0077476D /* LaunchVC.swift */,
				6C49D3C12BA2F8CD0077476D /* LaunchVC.xib */,
			);
			path = View;
			sourceTree = "<group>";
		};
		6C49D3C42BA2F9560077476D /* Model */ = {
			isa = PBXGroup;
			children = (
				6C1F1DBF2BAC7A920078B198 /* AuthModel.swift */,
				6C1F1DCB2BAD9FBA0078B198 /* ArticleModel.swift */,
				6CF346002BB27AD1004339FC /* OrderModel.swift */,
			);
			path = Model;
			sourceTree = "<group>";
		};
		6C49D3C52BA2F95B0077476D /* VOs */ = {
			isa = PBXGroup;
			children = (
				6C49D3C62BA2F9770077476D /* UserVO.swift */,
				6C1F1DCD2BADA0920078B198 /* ArticleVO.swift */,
				6CF346022BB27B37004339FC /* OrderHistoryVO.swift */,
			);
			path = VOs;
			sourceTree = "<group>";
		};
		6C5AA65E2B7E17860088C3B8 = {
			isa = PBXGroup;
			children = (
				6C5AA6692B7E17860088C3B8 /* Fresh Wave */,
				6C5AA6682B7E17860088C3B8 /* Products */,
				8C776949ECEC99EDB935938B /* Pods */,
				3A2C26487AB7FD02CD3AB540 /* Frameworks */,
			);
			sourceTree = "<group>";
		};
		6C5AA6682B7E17860088C3B8 /* Products */ = {
			isa = PBXGroup;
			children = (
				6C5AA6672B7E17860088C3B8 /* Fresh Wave.app */,
			);
			name = Products;
			sourceTree = "<group>";
		};
		6C5AA6692B7E17860088C3B8 /* Fresh Wave */ = {
			isa = PBXGroup;
			children = (
				6C49D3B12BA2F78A0077476D /* Components */,
				6C49D3AA2BA2F7460077476D /* Managers */,
				6CBB87F92B833AC000CC175A /* Utils */,
				6CBB87E52B823D8300CC175A /* Base */,
				6CBB87CB2B81A13500CC175A /* Data */,
				6CBB87C02B810A6900CC175A /* APIService */,
				6CBB87BF2B8106AE00CC175A /* Resources */,
				6CBB87B72B81065200CC175A /* Scences */,
				6C5AA66E2B7E17860088C3B8 /* ViewController.swift */,
				6C5AA6702B7E17860088C3B8 /* Main.storyboard */,
				6C5AA6752B7E17870088C3B8 /* LaunchScreen.storyboard */,
			);
			path = "Fresh Wave";
			sourceTree = "<group>";
		};
		6CBB87B72B81065200CC175A /* Scences */ = {
			isa = PBXGroup;
			children = (
				6C1F1DA12BA73C610078B198 /* Cart */,
				6C49D3BE2BA2F8BC0077476D /* Launch */,
				6CBB881B2B83AF8900CC175A /* Order */,
				6CBB87EA2B8253E600CC175A /* Profile */,
				6CBB87E92B8253E000CC175A /* Home */,
				6CBB87E82B8253D200CC175A /* Tab */,
				6CBB87B82B81066100CC175A /* Login */,
			);
			path = Scences;
			sourceTree = "<group>";
		};
		6CBB87B82B81066100CC175A /* Login */ = {
			isa = PBXGroup;
			children = (
				6C1F1DA72BA746520078B198 /* CompleteProfile */,
				6CBB87DF2B822C7700CC175A /* Verify */,
				6CBB87D52B81AF3900CC175A /* Login */,
				6CBB87CF2B81A80000CC175A /* Register */,
				6CBB87B92B81067100CC175A /* ChooseAddressOnMap */,
			);
			path = Login;
			sourceTree = "<group>";
		};
		6CBB87B92B81067100CC175A /* ChooseAddressOnMap */ = {
			isa = PBXGroup;
			children = (
				6CBB87BA2B81068E00CC175A /* View */,
			);
			path = ChooseAddressOnMap;
			sourceTree = "<group>";
		};
		6CBB87BA2B81068E00CC175A /* View */ = {
			isa = PBXGroup;
			children = (
				6CBB87BB2B8106A600CC175A /* ChooseAddressOnMapVC.swift */,
				6CBB87BC2B8106A600CC175A /* ChooseAddressOnMapVC.xib */,
			);
			path = View;
			sourceTree = "<group>";
		};
		6CBB87BF2B8106AE00CC175A /* Resources */ = {
			isa = PBXGroup;
			children = (
				6C1F1DC62BAD344F0078B198 /* GoogleService-Info.plist */,
				6C5AA6732B7E17870088C3B8 /* Assets.xcassets */,
				6C5AA6782B7E17870088C3B8 /* Info.plist */,
				6C5AA66A2B7E17860088C3B8 /* AppDelegate.swift */,
				6C5AA66C2B7E17860088C3B8 /* SceneDelegate.swift */,
				6CBB87DB2B81B90300CC175A /* icon.xcassets */,
				6CBB87DD2B81B95F00CC175A /* color.xcassets */,
			);
			path = Resources;
			sourceTree = "<group>";
		};
		6CBB87C02B810A6900CC175A /* APIService */ = {
			isa = PBXGroup;
			children = (
				6CBB87C12B810EFB00CC175A /* API.swift */,
				6CBB87C32B810F7700CC175A /* ApiError.swift */,
				6CBB87C52B810F9F00CC175A /* ApiService.swift */,
				6CBB87C72B810FDE00CC175A /* EndPoint.swift */,
				6CBB87C92B81102100CC175A /* EndpointAttribute.swift */,
			);
			path = APIService;
			sourceTree = "<group>";
		};
		6CBB87CB2B81A13500CC175A /* Data */ = {
			isa = PBXGroup;
			children = (
				6C49D3C52BA2F95B0077476D /* VOs */,
				6C49D3C42BA2F9560077476D /* Model */,
				6CBB87CC2B81A62C00CC175A /* Response */,
			);
			path = Data;
			sourceTree = "<group>";
		};
		6CBB87CC2B81A62C00CC175A /* Response */ = {
			isa = PBXGroup;
			children = (
				6CBB87CD2B81A63F00CC175A /* ErrorResponse.swift */,
				6C1F1DBD2BAC7A610078B198 /* SuccessResponse.swift */,
			);
			path = Response;
			sourceTree = "<group>";
		};
		6CBB87CF2B81A80000CC175A /* Register */ = {
			isa = PBXGroup;
			children = (
				6CBB87D02B81A80900CC175A /* View */,
			);
			path = Register;
			sourceTree = "<group>";
		};
		6CBB87D02B81A80900CC175A /* View */ = {
			isa = PBXGroup;
			children = (
				6CBB87D12B81A82200CC175A /* RegisterVC.swift */,
				6CBB87D22B81A82200CC175A /* RegisterVC.xib */,
			);
			path = View;
			sourceTree = "<group>";
		};
		6CBB87D52B81AF3900CC175A /* Login */ = {
			isa = PBXGroup;
			children = (
				6C1F1DC32BAC8EE90078B198 /* ViewModel */,
				6CBB87D62B81AF3D00CC175A /* View */,
			);
			path = Login;
			sourceTree = "<group>";
		};
		6CBB87D62B81AF3D00CC175A /* View */ = {
			isa = PBXGroup;
			children = (
				6CBB87D72B81AF5000CC175A /* LoginVC.swift */,
				6CBB87D82B81AF5000CC175A /* LoginVC.xib */,
			);
			path = View;
			sourceTree = "<group>";
		};
		6CBB87DF2B822C7700CC175A /* Verify */ = {
			isa = PBXGroup;
			children = (
				6C1F1DC82BAD371D0078B198 /* ViewModel */,
				6CBB87E02B822C8000CC175A /* View */,
			);
			path = Verify;
			sourceTree = "<group>";
		};
		6CBB87E02B822C8000CC175A /* View */ = {
			isa = PBXGroup;
			children = (
				6CBB87E12B822C9300CC175A /* VerifyVC.swift */,
				6CBB87E22B822C9300CC175A /* VerifyVC.xib */,
			);
			path = View;
			sourceTree = "<group>";
		};
		6CBB87E52B823D8300CC175A /* Base */ = {
			isa = PBXGroup;
			children = (
				6CBB87E62B823D9F00CC175A /* BaseViewController.swift */,
				6CBB88012B83477E00CC175A /* BaseViewModel.swift */,
				6C1F1DC12BAC7B630078B198 /* BaseModel.swift */,
			);
			path = Base;
			sourceTree = "<group>";
		};
		6CBB87E82B8253D200CC175A /* Tab */ = {
			isa = PBXGroup;
			children = (
				6CBB87F72B82554500CC175A /* TabVC.swift */,
				6CBB88032B834BD900CC175A /* CustomTabBar.swift */,
			);
			path = Tab;
			sourceTree = "<group>";
		};
		6CBB87E92B8253E000CC175A /* Home */ = {
			isa = PBXGroup;
			children = (
				6CBB88132B83A66A00CC175A /* ArticleDetail */,
				6CBB880C2B839D0E00CC175A /* Cells */,
				6CBB87EB2B82545500CC175A /* Home */,
			);
			path = Home;
			sourceTree = "<group>";
		};
		6CBB87EA2B8253E600CC175A /* Profile */ = {
			isa = PBXGroup;
			children = (
				6C49D3702B9C18B90077476D /* Remainder */,
				6CBB87F12B82547F00CC175A /* Profile */,
			);
			path = Profile;
			sourceTree = "<group>";
		};
		6CBB87EB2B82545500CC175A /* Home */ = {
			isa = PBXGroup;
			children = (
				6CBB88092B83509100CC175A /* ViewModel */,
				6CBB87EC2B82545C00CC175A /* View */,
			);
			path = Home;
			sourceTree = "<group>";
		};
		6CBB87EC2B82545C00CC175A /* View */ = {
			isa = PBXGroup;
			children = (
				6CBB87ED2B82546B00CC175A /* HomeVC.swift */,
				6CBB87EE2B82546B00CC175A /* HomeVC.xib */,
			);
			path = View;
			sourceTree = "<group>";
		};
		6CBB87F12B82547F00CC175A /* Profile */ = {
			isa = PBXGroup;
			children = (
				6CBB87F22B82549000CC175A /* View */,
			);
			path = Profile;
			sourceTree = "<group>";
		};
		6CBB87F22B82549000CC175A /* View */ = {
			isa = PBXGroup;
			children = (
				6CBB87F32B8254AC00CC175A /* ProfileVC.swift */,
				6CBB87F42B8254AC00CC175A /* ProfileVC.xib */,
			);
			path = View;
			sourceTree = "<group>";
		};
		6CBB87F92B833AC000CC175A /* Utils */ = {
			isa = PBXGroup;
			children = (
				6CBB87FA2B833ACC00CC175A /* Extension */,
			);
			path = Utils;
			sourceTree = "<group>";
		};
		6CBB87FA2B833ACC00CC175A /* Extension */ = {
			isa = PBXGroup;
			children = (
				6CBB87FB2B833AED00CC175A /* UICollectionView+Extension.swift */,
				6CBB87FD2B833B1D00CC175A /* UITableView+Extension.swift */,
				6CBB87FF2B83458900CC175A /* UserDefaults+Extension.swift */,
				6CBB88072B834F9C00CC175A /* UIView+Extension.swift */,
				6C49D3B82BA2F7F20077476D /* UIApplication+Extension.swift */,
				6C49D3BA2BA2F81C0077476D /* UIWindow+Extension.swift */,
				6C49D3BC2BA2F83D0077476D /* UIViewController+Extension.swift */,
				6C1F1DAD2BA746FC0078B198 /* String+Extension.swift */,
				6C1F1DAF2BA7471A0078B198 /* UIColor+Extension.swift */,
				6C1F1DCF2BAFD3C90078B198 /* UIImageView+Extension.swift */,
			);
			path = Extension;
			sourceTree = "<group>";
		};
		6CBB88092B83509100CC175A /* ViewModel */ = {
			isa = PBXGroup;
			children = (
				6CBB880A2B8350B600CC175A /* HomeViewModel.swift */,
			);
			path = ViewModel;
			sourceTree = "<group>";
		};
		6CBB880C2B839D0E00CC175A /* Cells */ = {
			isa = PBXGroup;
			children = (
				6CBB880D2B839D1B00CC175A /* TableViewCells */,
			);
			path = Cells;
			sourceTree = "<group>";
		};
		6CBB880D2B839D1B00CC175A /* TableViewCells */ = {
			isa = PBXGroup;
			children = (
				6CBB880E2B839D4300CC175A /* ArticleCell */,
			);
			path = TableViewCells;
			sourceTree = "<group>";
		};
		6CBB880E2B839D4300CC175A /* ArticleCell */ = {
			isa = PBXGroup;
			children = (
				6CBB880F2B839D8B00CC175A /* ArticleCell.swift */,
				6CBB88102B839D8B00CC175A /* ArticleCell.xib */,
			);
			path = ArticleCell;
			sourceTree = "<group>";
		};
		6CBB88132B83A66A00CC175A /* ArticleDetail */ = {
			isa = PBXGroup;
			children = (
				6CBB88142B83A67200CC175A /* View */,
			);
			path = ArticleDetail;
			sourceTree = "<group>";
		};
		6CBB88142B83A67200CC175A /* View */ = {
			isa = PBXGroup;
			children = (
				6CBB88172B83A6B500CC175A /* ArticleDetailVC.swift */,
				6CBB88182B83A6B500CC175A /* ArticleDetailVC.xib */,
			);
			path = View;
			sourceTree = "<group>";
		};
		6CBB881B2B83AF8900CC175A /* Order */ = {
			isa = PBXGroup;
			children = (
				6C1F1DD52BB12C0E0078B198 /* OrderDetail */,
				6CBB88242B83B53D00CC175A /* OrderHistory */,
				6CBB881C2B83AF8F00CC175A /* Cells */,
			);
			path = Order;
			sourceTree = "<group>";
		};
		6CBB881C2B83AF8F00CC175A /* Cells */ = {
			isa = PBXGroup;
			children = (
				6CBB881D2B83AF9600CC175A /* TableViewCells */,
			);
			path = Cells;
			sourceTree = "<group>";
		};
		6CBB881D2B83AF9600CC175A /* TableViewCells */ = {
			isa = PBXGroup;
			children = (
				6CBB881E2B83AF9D00CC175A /* OrderHistory */,
			);
			path = TableViewCells;
			sourceTree = "<group>";
		};
		6CBB881E2B83AF9D00CC175A /* OrderHistory */ = {
			isa = PBXGroup;
			children = (
				6CBB881F2B83AFB800CC175A /* OrderHistoryCell.swift */,
				6CBB88202B83AFB800CC175A /* OrderHistoryCell.xib */,
			);
			path = OrderHistory;
			sourceTree = "<group>";
		};
		6CBB88242B83B53D00CC175A /* OrderHistory */ = {
			isa = PBXGroup;
			children = (
				6CF345FD2BB27A64004339FC /* ViewModel */,
				6CBB88252B83B54500CC175A /* View */,
			);
			path = OrderHistory;
			sourceTree = "<group>";
		};
		6CBB88252B83B54500CC175A /* View */ = {
			isa = PBXGroup;
			children = (
				6CBB882A2B83B9FE00CC175A /* OrderHistoryVC.swift */,
				6CBB882B2B83B9FE00CC175A /* OrderHistoryVC.xib */,
			);
			path = View;
			sourceTree = "<group>";
		};
		6CF345FD2BB27A64004339FC /* ViewModel */ = {
			isa = PBXGroup;
			children = (
				6CF345FE2BB27A93004339FC /* OrderHistoryViewModel.swift */,
			);
			path = ViewModel;
			sourceTree = "<group>";
		};
		8C776949ECEC99EDB935938B /* Pods */ = {
			isa = PBXGroup;
			children = (
				9A2F145B062B4BC9BD5C229A /* Pods-Fresh Wave.debug.xcconfig */,
				DB3B2865A1C981929834A250 /* Pods-Fresh Wave.release.xcconfig */,
			);
			path = Pods;
			sourceTree = "<group>";
		};
/* End PBXGroup section */

/* Begin PBXNativeTarget section */
		6C5AA6662B7E17860088C3B8 /* Fresh Wave */ = {
			isa = PBXNativeTarget;
			buildConfigurationList = 6C5AA67B2B7E17870088C3B8 /* Build configuration list for PBXNativeTarget "Fresh Wave" */;
			buildPhases = (
				176B9C61A66C52987A5D2C26 /* [CP] Check Pods Manifest.lock */,
				6C5AA6632B7E17860088C3B8 /* Sources */,
				6C5AA6642B7E17860088C3B8 /* Frameworks */,
				6C5AA6652B7E17860088C3B8 /* Resources */,
				95910DFD97919F23A19DDFFA /* [CP] Embed Pods Frameworks */,
			);
			buildRules = (
			);
			dependencies = (
			);
			name = "Fresh Wave";
			productName = "Fresh Wave";
			productReference = 6C5AA6672B7E17860088C3B8 /* Fresh Wave.app */;
			productType = "com.apple.product-type.application";
		};
/* End PBXNativeTarget section */

/* Begin PBXProject section */
		6C5AA65F2B7E17860088C3B8 /* Project object */ = {
			isa = PBXProject;
			attributes = {
				BuildIndependentTargetsInParallel = 1;
				LastSwiftUpdateCheck = 1500;
				LastUpgradeCheck = 1500;
				TargetAttributes = {
					6C5AA6662B7E17860088C3B8 = {
						CreatedOnToolsVersion = 15.0.1;
					};
				};
			};
			buildConfigurationList = 6C5AA6622B7E17860088C3B8 /* Build configuration list for PBXProject "Fresh Wave" */;
			compatibilityVersion = "Xcode 14.0";
			developmentRegion = en;
			hasScannedForEncodings = 0;
			knownRegions = (
				en,
				Base,
			);
			mainGroup = 6C5AA65E2B7E17860088C3B8;
			productRefGroup = 6C5AA6682B7E17860088C3B8 /* Products */;
			projectDirPath = "";
			projectRoot = "";
			targets = (
				6C5AA6662B7E17860088C3B8 /* Fresh Wave */,
			);
		};
/* End PBXProject section */

/* Begin PBXResourcesBuildPhase section */
		6C5AA6652B7E17860088C3B8 /* Resources */ = {
			isa = PBXResourcesBuildPhase;
			buildActionMask = 2147483647;
			files = (
				6C49D3752B9C18DF0077476D /* RemainderVC.xib in Resources */,
				6CBB87DA2B81AF5000CC175A /* LoginVC.xib in Resources */,
				6C1F1DD42BB06E540078B198 /* CartVC.xib in Resources */,
				6CBB881A2B83A6B500CC175A /* ArticleDetailVC.xib in Resources */,
				6C1F1DAC2BA7466E0078B198 /* CompleteProfileVC.xib in Resources */,
				6CBB87DE2B81B95F00CC175A /* color.xcassets in Resources */,
				6CBB88222B83AFB800CC175A /* OrderHistoryCell.xib in Resources */,
				6CBB882D2B83B9FE00CC175A /* OrderHistoryVC.xib in Resources */,
				6CBB87BE2B8106A600CC175A /* ChooseAddressOnMapVC.xib in Resources */,
				6C5AA6772B7E17870088C3B8 /* LaunchScreen.storyboard in Resources */,
				6CBB88122B839D8B00CC175A /* ArticleCell.xib in Resources */,
				6C5AA6742B7E17870088C3B8 /* Assets.xcassets in Resources */,
				6C49D3C32BA2F8CD0077476D /* LaunchVC.xib in Resources */,
				6C5AA6722B7E17860088C3B8 /* Main.storyboard in Resources */,
				6CBB87E42B822C9300CC175A /* VerifyVC.xib in Resources */,
				6CBB87F02B82546B00CC175A /* HomeVC.xib in Resources */,
				6CBB87DC2B81B90300CC175A /* icon.xcassets in Resources */,
				6C1F1DC72BAD344F0078B198 /* GoogleService-Info.plist in Resources */,
				6C1F1DDA2BB12C320078B198 /* OrderDetailVC.xib in Resources */,
				6CBB87D42B81A82200CC175A /* RegisterVC.xib in Resources */,
				6CBB87F62B8254AC00CC175A /* ProfileVC.xib in Resources */,
			);
			runOnlyForDeploymentPostprocessing = 0;
		};
/* End PBXResourcesBuildPhase section */

/* Begin PBXShellScriptBuildPhase section */
		176B9C61A66C52987A5D2C26 /* [CP] Check Pods Manifest.lock */ = {
			isa = PBXShellScriptBuildPhase;
			buildActionMask = 2147483647;
			files = (
			);
			inputFileListPaths = (
			);
			inputPaths = (
				"${PODS_PODFILE_DIR_PATH}/Podfile.lock",
				"${PODS_ROOT}/Manifest.lock",
			);
			name = "[CP] Check Pods Manifest.lock";
			outputFileListPaths = (
			);
			outputPaths = (
				"$(DERIVED_FILE_DIR)/Pods-Fresh Wave-checkManifestLockResult.txt",
			);
			runOnlyForDeploymentPostprocessing = 0;
			shellPath = /bin/sh;
			shellScript = "diff \"${PODS_PODFILE_DIR_PATH}/Podfile.lock\" \"${PODS_ROOT}/Manifest.lock\" > /dev/null\nif [ $? != 0 ] ; then\n    # print error to STDERR\n    echo \"error: The sandbox is not in sync with the Podfile.lock. Run 'pod install' or update your CocoaPods installation.\" >&2\n    exit 1\nfi\n# This output is used by Xcode 'outputs' to avoid re-running this script phase.\necho \"SUCCESS\" > \"${SCRIPT_OUTPUT_FILE_0}\"\n";
			showEnvVarsInLog = 0;
		};
		95910DFD97919F23A19DDFFA /* [CP] Embed Pods Frameworks */ = {
			isa = PBXShellScriptBuildPhase;
			buildActionMask = 2147483647;
			files = (
			);
			inputFileListPaths = (
				"${PODS_ROOT}/Target Support Files/Pods-Fresh Wave/Pods-Fresh Wave-frameworks-${CONFIGURATION}-input-files.xcfilelist",
			);
			name = "[CP] Embed Pods Frameworks";
			outputFileListPaths = (
				"${PODS_ROOT}/Target Support Files/Pods-Fresh Wave/Pods-Fresh Wave-frameworks-${CONFIGURATION}-output-files.xcfilelist",
			);
			runOnlyForDeploymentPostprocessing = 0;
			shellPath = /bin/sh;
			shellScript = "\"${PODS_ROOT}/Target Support Files/Pods-Fresh Wave/Pods-Fresh Wave-frameworks.sh\"\n";
			showEnvVarsInLog = 0;
		};
/* End PBXShellScriptBuildPhase section */

/* Begin PBXSourcesBuildPhase section */
		6C5AA6632B7E17860088C3B8 /* Sources */ = {
			isa = PBXSourcesBuildPhase;
			buildActionMask = 2147483647;
			files = (
				6C49D3BB2BA2F81C0077476D /* UIWindow+Extension.swift in Sources */,
				6C49D3B92BA2F7F20077476D /* UIApplication+Extension.swift in Sources */,
				6CF346032BB27B37004339FC /* OrderHistoryVO.swift in Sources */,
				6CF345FF2BB27A93004339FC /* OrderHistoryViewModel.swift in Sources */,
				6C1F1DD02BAFD3C90078B198 /* UIImageView+Extension.swift in Sources */,
				6C49D3B02BA2F76F0077476D /* AppCoordinator.swift in Sources */,
				6CBB87FC2B833AED00CC175A /* UICollectionView+Extension.swift in Sources */,
				6CBB87BD2B8106A600CC175A /* ChooseAddressOnMapVC.swift in Sources */,
				6C1F1DAB2BA7466E0078B198 /* CompleteProfileVC.swift in Sources */,
				6C1F1DCC2BAD9FBA0078B198 /* ArticleModel.swift in Sources */,
				6CBB87FE2B833B1D00CC175A /* UITableView+Extension.swift in Sources */,
				6CBB880B2B8350B600CC175A /* HomeViewModel.swift in Sources */,
				6C5AA66F2B7E17860088C3B8 /* ViewController.swift in Sources */,
				6C49D3BD2BA2F83D0077476D /* UIViewController+Extension.swift in Sources */,
				6C1F1DBE2BAC7A610078B198 /* SuccessResponse.swift in Sources */,
				6CBB87E32B822C9300CC175A /* VerifyVC.swift in Sources */,
				6C1F1DBC2BAC31DA0078B198 /* CompleteProfileViewModel.swift in Sources */,
				6CBB87D92B81AF5000CC175A /* LoginVC.swift in Sources */,
				6C49D3C72BA2F9770077476D /* UserVO.swift in Sources */,
				6CBB88212B83AFB800CC175A /* OrderHistoryCell.swift in Sources */,
				6C1F1DCA2BAD372B0078B198 /* VerifyViewModel.swift in Sources */,
				6CBB87F82B82554500CC175A /* TabVC.swift in Sources */,
				6C1F1DC22BAC7B630078B198 /* BaseModel.swift in Sources */,
				6C1F1DB02BA7471A0078B198 /* UIColor+Extension.swift in Sources */,
				6C1F1DC52BAC8EF40078B198 /* LoginViewModel.swift in Sources */,
				6C1F1DD92BB12C320078B198 /* OrderDetailVC.swift in Sources */,
				6CBB87F52B8254AC00CC175A /* ProfileVC.swift in Sources */,
				6C49D3C22BA2F8CD0077476D /* LaunchVC.swift in Sources */,
				6C49D3AE2BA2F7640077476D /* Preference.swift in Sources */,
				6CBB87C82B810FDE00CC175A /* EndPoint.swift in Sources */,
				6CBB87E72B823D9F00CC175A /* BaseViewController.swift in Sources */,
				6CBB87EF2B82546B00CC175A /* HomeVC.swift in Sources */,
				6C5AA66B2B7E17860088C3B8 /* AppDelegate.swift in Sources */,
				6C1F1DD32BB06E540078B198 /* CartVC.swift in Sources */,
				6CBB87D32B81A82200CC175A /* RegisterVC.swift in Sources */,
				6C1F1DCE2BADA0920078B198 /* ArticleVO.swift in Sources */,
				6CBB87CA2B81102100CC175A /* EndpointAttribute.swift in Sources */,
				6CBB88042B834BD900CC175A /* CustomTabBar.swift in Sources */,
				6CBB882C2B83B9FE00CC175A /* OrderHistoryVC.swift in Sources */,
				6C49D3742B9C18DF0077476D /* RemainderVC.swift in Sources */,
				6CBB87CE2B81A63F00CC175A /* ErrorResponse.swift in Sources */,
				6C49D3B42BA2F7A60077476D /* LoadingIndicator.swift in Sources */,
				6C5AA66D2B7E17860088C3B8 /* SceneDelegate.swift in Sources */,
				6CF346012BB27AD1004339FC /* OrderModel.swift in Sources */,
				6CBB88082B834F9C00CC175A /* UIView+Extension.swift in Sources */,
				6CBB88112B839D8B00CC175A /* ArticleCell.swift in Sources */,
				6CBB87C22B810EFB00CC175A /* API.swift in Sources */,
				6CBB88022B83477E00CC175A /* BaseViewModel.swift in Sources */,
				6C49D3B72BA2F7C40077476D /* ToastView.swift in Sources */,
				6CBB87C62B810F9F00CC175A /* ApiService.swift in Sources */,
				6CBB88192B83A6B500CC175A /* ArticleDetailVC.swift in Sources */,
				6CBB88002B83458900CC175A /* UserDefaults+Extension.swift in Sources */,
				6C49D3AC2BA2F7590077476D /* KeychainService.swift in Sources */,
				6C1F1DC02BAC7A920078B198 /* AuthModel.swift in Sources */,
				6CBB87C42B810F7700CC175A /* ApiError.swift in Sources */,
				6C1F1DAE2BA746FC0078B198 /* String+Extension.swift in Sources */,
			);
			runOnlyForDeploymentPostprocessing = 0;
		};
/* End PBXSourcesBuildPhase section */

/* Begin PBXVariantGroup section */
		6C5AA6702B7E17860088C3B8 /* Main.storyboard */ = {
			isa = PBXVariantGroup;
			children = (
				6C5AA6712B7E17860088C3B8 /* Base */,
			);
			name = Main.storyboard;
			sourceTree = "<group>";
		};
		6C5AA6752B7E17870088C3B8 /* LaunchScreen.storyboard */ = {
			isa = PBXVariantGroup;
			children = (
				6C5AA6762B7E17870088C3B8 /* Base */,
			);
			name = LaunchScreen.storyboard;
			sourceTree = "<group>";
		};
/* End PBXVariantGroup section */

/* Begin XCBuildConfiguration section */
		6C5AA6792B7E17870088C3B8 /* Debug */ = {
			isa = XCBuildConfiguration;
			buildSettings = {
				ALWAYS_SEARCH_USER_PATHS = NO;
				ASSETCATALOG_COMPILER_GENERATE_SWIFT_ASSET_SYMBOL_EXTENSIONS = YES;
				CLANG_ANALYZER_NONNULL = YES;
				CLANG_ANALYZER_NUMBER_OBJECT_CONVERSION = YES_AGGRESSIVE;
				CLANG_CXX_LANGUAGE_STANDARD = "gnu++20";
				CLANG_ENABLE_MODULES = YES;
				CLANG_ENABLE_OBJC_ARC = YES;
				CLANG_ENABLE_OBJC_WEAK = YES;
				CLANG_WARN_BLOCK_CAPTURE_AUTORELEASING = YES;
				CLANG_WARN_BOOL_CONVERSION = YES;
				CLANG_WARN_COMMA = YES;
				CLANG_WARN_CONSTANT_CONVERSION = YES;
				CLANG_WARN_DEPRECATED_OBJC_IMPLEMENTATIONS = YES;
				CLANG_WARN_DIRECT_OBJC_ISA_USAGE = YES_ERROR;
				CLANG_WARN_DOCUMENTATION_COMMENTS = YES;
				CLANG_WARN_EMPTY_BODY = YES;
				CLANG_WARN_ENUM_CONVERSION = YES;
				CLANG_WARN_INFINITE_RECURSION = YES;
				CLANG_WARN_INT_CONVERSION = YES;
				CLANG_WARN_NON_LITERAL_NULL_CONVERSION = YES;
				CLANG_WARN_OBJC_IMPLICIT_RETAIN_SELF = YES;
				CLANG_WARN_OBJC_LITERAL_CONVERSION = YES;
				CLANG_WARN_OBJC_ROOT_CLASS = YES_ERROR;
				CLANG_WARN_QUOTED_INCLUDE_IN_FRAMEWORK_HEADER = YES;
				CLANG_WARN_RANGE_LOOP_ANALYSIS = YES;
				CLANG_WARN_STRICT_PROTOTYPES = YES;
				CLANG_WARN_SUSPICIOUS_MOVE = YES;
				CLANG_WARN_UNGUARDED_AVAILABILITY = YES_AGGRESSIVE;
				CLANG_WARN_UNREACHABLE_CODE = YES;
				CLANG_WARN__DUPLICATE_METHOD_MATCH = YES;
				COPY_PHASE_STRIP = NO;
				DEBUG_INFORMATION_FORMAT = dwarf;
				ENABLE_STRICT_OBJC_MSGSEND = YES;
				ENABLE_TESTABILITY = YES;
				ENABLE_USER_SCRIPT_SANDBOXING = NO;
				GCC_C_LANGUAGE_STANDARD = gnu17;
				GCC_DYNAMIC_NO_PIC = NO;
				GCC_NO_COMMON_BLOCKS = YES;
				GCC_OPTIMIZATION_LEVEL = 0;
				GCC_PREPROCESSOR_DEFINITIONS = (
					"DEBUG=1",
					"$(inherited)",
				);
				GCC_WARN_64_TO_32_BIT_CONVERSION = YES;
				GCC_WARN_ABOUT_RETURN_TYPE = YES_ERROR;
				GCC_WARN_UNDECLARED_SELECTOR = YES;
				GCC_WARN_UNINITIALIZED_AUTOS = YES_AGGRESSIVE;
				GCC_WARN_UNUSED_FUNCTION = YES;
				GCC_WARN_UNUSED_VARIABLE = YES;
				IPHONEOS_DEPLOYMENT_TARGET = 17.0;
				LOCALIZATION_PREFERS_STRING_CATALOGS = YES;
				MTL_ENABLE_DEBUG_INFO = INCLUDE_SOURCE;
				MTL_FAST_MATH = YES;
				ONLY_ACTIVE_ARCH = YES;
				SDKROOT = iphoneos;
				SWIFT_ACTIVE_COMPILATION_CONDITIONS = "DEBUG $(inherited)";
				SWIFT_OPTIMIZATION_LEVEL = "-Onone";
			};
			name = Debug;
		};
		6C5AA67A2B7E17870088C3B8 /* Release */ = {
			isa = XCBuildConfiguration;
			buildSettings = {
				ALWAYS_SEARCH_USER_PATHS = NO;
				ASSETCATALOG_COMPILER_GENERATE_SWIFT_ASSET_SYMBOL_EXTENSIONS = YES;
				CLANG_ANALYZER_NONNULL = YES;
				CLANG_ANALYZER_NUMBER_OBJECT_CONVERSION = YES_AGGRESSIVE;
				CLANG_CXX_LANGUAGE_STANDARD = "gnu++20";
				CLANG_ENABLE_MODULES = YES;
				CLANG_ENABLE_OBJC_ARC = YES;
				CLANG_ENABLE_OBJC_WEAK = YES;
				CLANG_WARN_BLOCK_CAPTURE_AUTORELEASING = YES;
				CLANG_WARN_BOOL_CONVERSION = YES;
				CLANG_WARN_COMMA = YES;
				CLANG_WARN_CONSTANT_CONVERSION = YES;
				CLANG_WARN_DEPRECATED_OBJC_IMPLEMENTATIONS = YES;
				CLANG_WARN_DIRECT_OBJC_ISA_USAGE = YES_ERROR;
				CLANG_WARN_DOCUMENTATION_COMMENTS = YES;
				CLANG_WARN_EMPTY_BODY = YES;
				CLANG_WARN_ENUM_CONVERSION = YES;
				CLANG_WARN_INFINITE_RECURSION = YES;
				CLANG_WARN_INT_CONVERSION = YES;
				CLANG_WARN_NON_LITERAL_NULL_CONVERSION = YES;
				CLANG_WARN_OBJC_IMPLICIT_RETAIN_SELF = YES;
				CLANG_WARN_OBJC_LITERAL_CONVERSION = YES;
				CLANG_WARN_OBJC_ROOT_CLASS = YES_ERROR;
				CLANG_WARN_QUOTED_INCLUDE_IN_FRAMEWORK_HEADER = YES;
				CLANG_WARN_RANGE_LOOP_ANALYSIS = YES;
				CLANG_WARN_STRICT_PROTOTYPES = YES;
				CLANG_WARN_SUSPICIOUS_MOVE = YES;
				CLANG_WARN_UNGUARDED_AVAILABILITY = YES_AGGRESSIVE;
				CLANG_WARN_UNREACHABLE_CODE = YES;
				CLANG_WARN__DUPLICATE_METHOD_MATCH = YES;
				COPY_PHASE_STRIP = NO;
				DEBUG_INFORMATION_FORMAT = "dwarf-with-dsym";
				ENABLE_NS_ASSERTIONS = NO;
				ENABLE_STRICT_OBJC_MSGSEND = YES;
				ENABLE_USER_SCRIPT_SANDBOXING = NO;
				GCC_C_LANGUAGE_STANDARD = gnu17;
				GCC_NO_COMMON_BLOCKS = YES;
				GCC_WARN_64_TO_32_BIT_CONVERSION = YES;
				GCC_WARN_ABOUT_RETURN_TYPE = YES_ERROR;
				GCC_WARN_UNDECLARED_SELECTOR = YES;
				GCC_WARN_UNINITIALIZED_AUTOS = YES_AGGRESSIVE;
				GCC_WARN_UNUSED_FUNCTION = YES;
				GCC_WARN_UNUSED_VARIABLE = YES;
				IPHONEOS_DEPLOYMENT_TARGET = 17.0;
				LOCALIZATION_PREFERS_STRING_CATALOGS = YES;
				MTL_ENABLE_DEBUG_INFO = NO;
				MTL_FAST_MATH = YES;
				SDKROOT = iphoneos;
				SWIFT_COMPILATION_MODE = wholemodule;
				VALIDATE_PRODUCT = YES;
			};
			name = Release;
		};
		6C5AA67C2B7E17870088C3B8 /* Debug */ = {
			isa = XCBuildConfiguration;
			baseConfigurationReference = 9A2F145B062B4BC9BD5C229A /* Pods-Fresh Wave.debug.xcconfig */;
			buildSettings = {
				ASSETCATALOG_COMPILER_APPICON_NAME = AppIcon;
				ASSETCATALOG_COMPILER_GLOBAL_ACCENT_COLOR_NAME = AccentColor;
				ASSETCATALOG_COMPILER_INCLUDE_ALL_APPICON_ASSETS = NO;
				CODE_SIGN_STYLE = Automatic;
				CURRENT_PROJECT_VERSION = 1;
				DEVELOPMENT_TEAM = 2QRN7ZGSBJ;
				GENERATE_INFOPLIST_FILE = YES;
				INFOPLIST_FILE = "Fresh Wave/Info.plist";
				INFOPLIST_KEY_NSLocationAlwaysUsageDescription = "Please allow to get the current address in ordering water bottles";
				INFOPLIST_KEY_NSLocationWhenInUseUsageDescription = "Please allow to get the current address in ordering water bottles";
				INFOPLIST_KEY_UIApplicationSupportsIndirectInputEvents = YES;
				INFOPLIST_KEY_UILaunchStoryboardName = LaunchScreen;
				INFOPLIST_KEY_UIStatusBarStyle = "";
				INFOPLIST_KEY_UISupportedInterfaceOrientations = UIInterfaceOrientationPortrait;
				IPHONEOS_DEPLOYMENT_TARGET = 16.0;
				LD_RUNPATH_SEARCH_PATHS = (
					"$(inherited)",
					"@executable_path/Frameworks",
				);
				MARKETING_VERSION = 1.0;
				PRODUCT_BUNDLE_IDENTIFIER = "new.project.com.Fresh-Wave";
				PRODUCT_NAME = "$(TARGET_NAME)";
				SWIFT_EMIT_LOC_STRINGS = YES;
				SWIFT_VERSION = 5.0;
				TARGETED_DEVICE_FAMILY = "1,2";
			};
			name = Debug;
		};
		6C5AA67D2B7E17870088C3B8 /* Release */ = {
			isa = XCBuildConfiguration;
			baseConfigurationReference = DB3B2865A1C981929834A250 /* Pods-Fresh Wave.release.xcconfig */;
			buildSettings = {
				ASSETCATALOG_COMPILER_APPICON_NAME = AppIcon;
				ASSETCATALOG_COMPILER_GLOBAL_ACCENT_COLOR_NAME = AccentColor;
				ASSETCATALOG_COMPILER_INCLUDE_ALL_APPICON_ASSETS = NO;
				CODE_SIGN_STYLE = Automatic;
				CURRENT_PROJECT_VERSION = 1;
				DEVELOPMENT_TEAM = 2QRN7ZGSBJ;
				GENERATE_INFOPLIST_FILE = YES;
				INFOPLIST_FILE = "Fresh Wave/Info.plist";
				INFOPLIST_KEY_NSLocationAlwaysUsageDescription = "Please allow to get the current address in ordering water bottles";
				INFOPLIST_KEY_NSLocationWhenInUseUsageDescription = "Please allow to get the current address in ordering water bottles";
				INFOPLIST_KEY_UIApplicationSupportsIndirectInputEvents = YES;
				INFOPLIST_KEY_UILaunchStoryboardName = LaunchScreen;
				INFOPLIST_KEY_UIStatusBarStyle = "";
				INFOPLIST_KEY_UISupportedInterfaceOrientations = UIInterfaceOrientationPortrait;
				IPHONEOS_DEPLOYMENT_TARGET = 16.0;
				LD_RUNPATH_SEARCH_PATHS = (
					"$(inherited)",
					"@executable_path/Frameworks",
				);
				MARKETING_VERSION = 1.0;
				PRODUCT_BUNDLE_IDENTIFIER = "new.project.com.Fresh-Wave";
				PRODUCT_NAME = "$(TARGET_NAME)";
				SWIFT_EMIT_LOC_STRINGS = YES;
				SWIFT_VERSION = 5.0;
				TARGETED_DEVICE_FAMILY = "1,2";
			};
			name = Release;
		};
/* End XCBuildConfiguration section */

/* Begin XCConfigurationList section */
		6C5AA6622B7E17860088C3B8 /* Build configuration list for PBXProject "Fresh Wave" */ = {
			isa = XCConfigurationList;
			buildConfigurations = (
				6C5AA6792B7E17870088C3B8 /* Debug */,
				6C5AA67A2B7E17870088C3B8 /* Release */,
			);
			defaultConfigurationIsVisible = 0;
			defaultConfigurationName = Release;
		};
		6C5AA67B2B7E17870088C3B8 /* Build configuration list for PBXNativeTarget "Fresh Wave" */ = {
			isa = XCConfigurationList;
			buildConfigurations = (
				6C5AA67C2B7E17870088C3B8 /* Debug */,
				6C5AA67D2B7E17870088C3B8 /* Release */,
			);
			defaultConfigurationIsVisible = 0;
			defaultConfigurationName = Release;
		};
/* End XCConfigurationList section */
	};
	rootObject = 6C5AA65F2B7E17860088C3B8 /* Project object */;
}
